
Microsoft Visual Studio Solution File, Format Version 11.00
# Visual Studio 2010
Project("{FAE04EC0-301F-11D3-BF4B-00C04F79EFBC}") = "Assembly-CSharp", "Assembly-CSharp.csproj", "{BFEA5195-62E6-2FC7-86A7-2461663AD91D}"
EndProject
Global
	GlobalSection(SolutionConfigurationPlatforms) = preSolution
		Debug|Any CPU = Debug|Any CPU
		Release|Any CPU = Release|Any CPU
	EndGlobalSection
	GlobalSection(ProjectConfigurationPlatforms) = postSolution
		{BFEA5195-62E6-2FC7-86A7-2461663AD91D}.Debug|Any CPU.ActiveCfg = Debug|Any CPU
		{BFEA5195-62E6-2FC7-86A7-2461663AD91D}.Debug|Any CPU.Build.0 = Debug|Any CPU
		{BFEA5195-62E6-2FC7-86A7-2461663AD91D}.Release|Any CPU.ActiveCfg = Release|Any CPU
		{BFEA5195-62E6-2FC7-86A7-2461663AD91D}.Release|Any CPU.Build.0 = Release|Any CPU
	EndGlobalSection
	GlobalSection(SolutionProperties) = preSolution
		HideSolutionNode = FALSE
	EndGlobalSection
EndGlobal
